// !$*UTF8*$!
{
	archiveVersion = 1;
	classes = {
	};
	objectVersion = 46;
	objects = {

/* Begin PBXBuildFile section */
		32392F5DA97CAEFD8448C78D /* Pods_TodoList.framework in Frameworks */ = {isa = PBXBuildFile; fileRef = D0319ECE967D5CEFEDE815BC /* Pods_TodoList.framework */; };
		7FAF48021E3087A30072E988 /* Stickers.xcassets in Resources */ = {isa = PBXBuildFile; fileRef = 7FAF48011E3087A30072E988 /* Stickers.xcassets */; };
		7FAF48061E3087A30072E988 /* sticker.appex in Embed App Extensions */ = {isa = PBXBuildFile; fileRef = 7FAF47FF1E3087A30072E988 /* sticker.appex */; settings = {ATTRIBUTES = (RemoveHeadersOnCopy, ); }; };
		7FD272841E2E087F0032CEAE /* AppDelegate.swift in Sources */ = {isa = PBXBuildFile; fileRef = 7FD272831E2E087F0032CEAE /* AppDelegate.swift */; };
		7FD272891E2E087F0032CEAE /* Main.storyboard in Resources */ = {isa = PBXBuildFile; fileRef = 7FD272871E2E087F0032CEAE /* Main.storyboard */; };
		7FD2728C1E2E087F0032CEAE /* TodoList.xcdatamodeld in Sources */ = {isa = PBXBuildFile; fileRef = 7FD2728A1E2E087F0032CEAE /* TodoList.xcdatamodeld */; };
		7FD2728E1E2E087F0032CEAE /* Assets.xcassets in Resources */ = {isa = PBXBuildFile; fileRef = 7FD2728D1E2E087F0032CEAE /* Assets.xcassets */; };
		7FD272911E2E087F0032CEAE /* LaunchScreen.storyboard in Resources */ = {isa = PBXBuildFile; fileRef = 7FD2728F1E2E087F0032CEAE /* LaunchScreen.storyboard */; };
		7FD2729C1E2E08800032CEAE /* TodoListTests.swift in Sources */ = {isa = PBXBuildFile; fileRef = 7FD2729B1E2E08800032CEAE /* TodoListTests.swift */; };
		7FD272A71E2E08800032CEAE /* TodoListUITests.swift in Sources */ = {isa = PBXBuildFile; fileRef = 7FD272A61E2E08800032CEAE /* TodoListUITests.swift */; };
		7FD272B71E2E0ACB0032CEAE /* HealthKit.framework in Frameworks */ = {isa = PBXBuildFile; fileRef = 7FD272B61E2E0ACB0032CEAE /* HealthKit.framework */; };
		7FD272B91E2E0AEE0032CEAE /* MapKit.framework in Frameworks */ = {isa = PBXBuildFile; fileRef = 7FD272B81E2E0AEE0032CEAE /* MapKit.framework */; };
		7FD272BB1E2E0F810032CEAE /* MainViewController.swift in Sources */ = {isa = PBXBuildFile; fileRef = 7FD272BA1E2E0F810032CEAE /* MainViewController.swift */; };
		7FD272C21E2E123A0032CEAE /* NormalTableViewCell.swift in Sources */ = {isa = PBXBuildFile; fileRef = 7FD272C01E2E123A0032CEAE /* NormalTableViewCell.swift */; };
		7FD272C31E2E123A0032CEAE /* NormalTableViewCell.xib in Resources */ = {isa = PBXBuildFile; fileRef = 7FD272C11E2E123A0032CEAE /* NormalTableViewCell.xib */; };
		7FD272C51E2E1D920032CEAE /* SecondViewController.swift in Sources */ = {isa = PBXBuildFile; fileRef = 7FD272C41E2E1D920032CEAE /* SecondViewController.swift */; };
/* End PBXBuildFile section */

/* Begin PBXContainerItemProxy section */
		7FAF48041E3087A30072E988 /* PBXContainerItemProxy */ = {
			isa = PBXContainerItemProxy;
			containerPortal = 7FD272781E2E087F0032CEAE /* Project object */;
			proxyType = 1;
			remoteGlobalIDString = 7FAF47FE1E3087A30072E988;
			remoteInfo = sticker;
		};
		7FD272981E2E08800032CEAE /* PBXContainerItemProxy */ = {
			isa = PBXContainerItemProxy;
			containerPortal = 7FD272781E2E087F0032CEAE /* Project object */;
			proxyType = 1;
			remoteGlobalIDString = 7FD2727F1E2E087F0032CEAE;
			remoteInfo = TodoList;
		};
		7FD272A31E2E08800032CEAE /* PBXContainerItemProxy */ = {
			isa = PBXContainerItemProxy;
			containerPortal = 7FD272781E2E087F0032CEAE /* Project object */;
			proxyType = 1;
			remoteGlobalIDString = 7FD2727F1E2E087F0032CEAE;
			remoteInfo = TodoList;
		};
/* End PBXContainerItemProxy section */

/* Begin PBXCopyFilesBuildPhase section */
		7FAF480A1E3087A30072E988 /* Embed App Extensions */ = {
			isa = PBXCopyFilesBuildPhase;
			buildActionMask = 2147483647;
			dstPath = "";
			dstSubfolderSpec = 13;
			files = (
				7FAF48061E3087A30072E988 /* sticker.appex in Embed App Extensions */,
			);
			name = "Embed App Extensions";
			runOnlyForDeploymentPostprocessing = 0;
		};
/* End PBXCopyFilesBuildPhase section */

/* Begin PBXFileReference section */
		635B3B1078A3B9968398EC90 /* Pods-TodoList.release.xcconfig */ = {isa = PBXFileReference; includeInIndex = 1; lastKnownFileType = text.xcconfig; name = "Pods-TodoList.release.xcconfig"; path = "Pods/Target Support Files/Pods-TodoList/Pods-TodoList.release.xcconfig"; sourceTree = "<group>"; };
		7FAF47FF1E3087A30072E988 /* sticker.appex */ = {isa = PBXFileReference; explicitFileType = "wrapper.app-extension"; includeInIndex = 0; path = sticker.appex; sourceTree = BUILT_PRODUCTS_DIR; };
		7FAF48011E3087A30072E988 /* Stickers.xcassets */ = {isa = PBXFileReference; lastKnownFileType = folder.assetcatalog; path = Stickers.xcassets; sourceTree = "<group>"; };
		7FAF48031E3087A30072E988 /* Info.plist */ = {isa = PBXFileReference; lastKnownFileType = text.plist.xml; path = Info.plist; sourceTree = "<group>"; };
		7FD272801E2E087F0032CEAE /* TodoList.app */ = {isa = PBXFileReference; explicitFileType = wrapper.application; includeInIndex = 0; path = TodoList.app; sourceTree = BUILT_PRODUCTS_DIR; };
		7FD272831E2E087F0032CEAE /* AppDelegate.swift */ = {isa = PBXFileReference; lastKnownFileType = sourcecode.swift; path = AppDelegate.swift; sourceTree = "<group>"; };
		7FD272881E2E087F0032CEAE /* Base */ = {isa = PBXFileReference; lastKnownFileType = file.storyboard; name = Base; path = Base.lproj/Main.storyboard; sourceTree = "<group>"; };
		7FD2728B1E2E087F0032CEAE /* TodoList.xcdatamodel */ = {isa = PBXFileReference; lastKnownFileType = wrapper.xcdatamodel; path = TodoList.xcdatamodel; sourceTree = "<group>"; };
		7FD2728D1E2E087F0032CEAE /* Assets.xcassets */ = {isa = PBXFileReference; lastKnownFileType = folder.assetcatalog; path = Assets.xcassets; sourceTree = "<group>"; };
		7FD272901E2E087F0032CEAE /* Base */ = {isa = PBXFileReference; lastKnownFileType = file.storyboard; name = Base; path = Base.lproj/LaunchScreen.storyboard; sourceTree = "<group>"; };
		7FD272921E2E087F0032CEAE /* Info.plist */ = {isa = PBXFileReference; lastKnownFileType = text.plist.xml; path = Info.plist; sourceTree = "<group>"; };
		7FD272971E2E08800032CEAE /* TodoListTests.xctest */ = {isa = PBXFileReference; explicitFileType = wrapper.cfbundle; includeInIndex = 0; path = TodoListTests.xctest; sourceTree = BUILT_PRODUCTS_DIR; };
		7FD2729B1E2E08800032CEAE /* TodoListTests.swift */ = {isa = PBXFileReference; lastKnownFileType = sourcecode.swift; path = TodoListTests.swift; sourceTree = "<group>"; };
		7FD2729D1E2E08800032CEAE /* Info.plist */ = {isa = PBXFileReference; lastKnownFileType = text.plist.xml; path = Info.plist; sourceTree = "<group>"; };
		7FD272A21E2E08800032CEAE /* TodoListUITests.xctest */ = {isa = PBXFileReference; explicitFileType = wrapper.cfbundle; includeInIndex = 0; path = TodoListUITests.xctest; sourceTree = BUILT_PRODUCTS_DIR; };
		7FD272A61E2E08800032CEAE /* TodoListUITests.swift */ = {isa = PBXFileReference; lastKnownFileType = sourcecode.swift; path = TodoListUITests.swift; sourceTree = "<group>"; };
		7FD272A81E2E08800032CEAE /* Info.plist */ = {isa = PBXFileReference; lastKnownFileType = text.plist.xml; path = Info.plist; sourceTree = "<group>"; };
		7FD272B41E2E0ACB0032CEAE /* TodoList.entitlements */ = {isa = PBXFileReference; lastKnownFileType = text.plist.entitlements; path = TodoList.entitlements; sourceTree = "<group>"; };
		7FD272B61E2E0ACB0032CEAE /* HealthKit.framework */ = {isa = PBXFileReference; lastKnownFileType = wrapper.framework; name = HealthKit.framework; path = System/Library/Frameworks/HealthKit.framework; sourceTree = SDKROOT; };
		7FD272B81E2E0AEE0032CEAE /* MapKit.framework */ = {isa = PBXFileReference; lastKnownFileType = wrapper.framework; name = MapKit.framework; path = System/Library/Frameworks/MapKit.framework; sourceTree = SDKROOT; };
		7FD272BA1E2E0F810032CEAE /* MainViewController.swift */ = {isa = PBXFileReference; fileEncoding = 4; lastKnownFileType = sourcecode.swift; name = MainViewController.swift; path = viewcontrollor/MainViewController.swift; sourceTree = "<group>"; };
		7FD272C01E2E123A0032CEAE /* NormalTableViewCell.swift */ = {isa = PBXFileReference; fileEncoding = 4; lastKnownFileType = sourcecode.swift; name = NormalTableViewCell.swift; path = cell/NormalTableViewCell.swift; sourceTree = "<group>"; };
		7FD272C11E2E123A0032CEAE /* NormalTableViewCell.xib */ = {isa = PBXFileReference; fileEncoding = 4; lastKnownFileType = file.xib; name = NormalTableViewCell.xib; path = cell/NormalTableViewCell.xib; sourceTree = "<group>"; };
		7FD272C41E2E1D920032CEAE /* SecondViewController.swift */ = {isa = PBXFileReference; fileEncoding = 4; lastKnownFileType = sourcecode.swift; name = SecondViewController.swift; path = viewcontrollor/SecondViewController.swift; sourceTree = "<group>"; };
		832F7B256DED64A9F38FCB2D /* Pods-TodoList.debug.xcconfig */ = {isa = PBXFileReference; includeInIndex = 1; lastKnownFileType = text.xcconfig; name = "Pods-TodoList.debug.xcconfig"; path = "Pods/Target Support Files/Pods-TodoList/Pods-TodoList.debug.xcconfig"; sourceTree = "<group>"; };
		D0319ECE967D5CEFEDE815BC /* Pods_TodoList.framework */ = {isa = PBXFileReference; explicitFileType = wrapper.framework; includeInIndex = 0; path = Pods_TodoList.framework; sourceTree = BUILT_PRODUCTS_DIR; };
/* End PBXFileReference section */

/* Begin PBXFrameworksBuildPhase section */
		7FD2727D1E2E087F0032CEAE /* Frameworks */ = {
			isa = PBXFrameworksBuildPhase;
			buildActionMask = 2147483647;
			files = (
				7FD272B91E2E0AEE0032CEAE /* MapKit.framework in Frameworks */,
				7FD272B71E2E0ACB0032CEAE /* HealthKit.framework in Frameworks */,
				32392F5DA97CAEFD8448C78D /* Pods_TodoList.framework in Frameworks */,
			);
			runOnlyForDeploymentPostprocessing = 0;
		};
		7FD272941E2E08800032CEAE /* Frameworks */ = {
			isa = PBXFrameworksBuildPhase;
			buildActionMask = 2147483647;
			files = (
			);
			runOnlyForDeploymentPostprocessing = 0;
		};
		7FD2729F1E2E08800032CEAE /* Frameworks */ = {
			isa = PBXFrameworksBuildPhase;
			buildActionMask = 2147483647;
			files = (
			);
			runOnlyForDeploymentPostprocessing = 0;
		};
/* End PBXFrameworksBuildPhase section */

/* Begin PBXGroup section */
		7FAF48001E3087A30072E988 /* sticker */ = {
			isa = PBXGroup;
			children = (
				7FAF48011E3087A30072E988 /* Stickers.xcassets */,
				7FAF48031E3087A30072E988 /* Info.plist */,
			);
			path = sticker;
			sourceTree = "<group>";
		};
		7FD272771E2E087F0032CEAE = {
			isa = PBXGroup;
			children = (
				7FD272821E2E087F0032CEAE /* TodoList */,
				7FD2729A1E2E08800032CEAE /* TodoListTests */,
				7FD272A51E2E08800032CEAE /* TodoListUITests */,
				7FAF48001E3087A30072E988 /* sticker */,
				7FD272811E2E087F0032CEAE /* Products */,
				7FD272B51E2E0ACB0032CEAE /* Frameworks */,
			);
			sourceTree = "<group>";
		};
		7FD272811E2E087F0032CEAE /* Products */ = {
			isa = PBXGroup;
			children = (
				7FD272801E2E087F0032CEAE /* TodoList.app */,
				7FD272971E2E08800032CEAE /* TodoListTests.xctest */,
				7FD272A21E2E08800032CEAE /* TodoListUITests.xctest */,
				7FAF47FF1E3087A30072E988 /* sticker.appex */,
			);
			name = Products;
			sourceTree = "<group>";
		};
		7FD272821E2E087F0032CEAE /* TodoList */ = {
			isa = PBXGroup;
			children = (
				7FD272BF1E2E11DC0032CEAE /* ui */,
				7FD272BD1E2E11C80032CEAE /* controllor */,
				7FD272BC1E2E11BD0032CEAE /* cells */,
				7FD272BE1E2E11D60032CEAE /* files */,
			);
			path = TodoList;
			sourceTree = "<group>";
		};
		7FD2729A1E2E08800032CEAE /* TodoListTests */ = {
			isa = PBXGroup;
			children = (
				7FD2729B1E2E08800032CEAE /* TodoListTests.swift */,
				7FD2729D1E2E08800032CEAE /* Info.plist */,
			);
			path = TodoListTests;
			sourceTree = "<group>";
		};
		7FD272A51E2E08800032CEAE /* TodoListUITests */ = {
			isa = PBXGroup;
			children = (
				7FD272A61E2E08800032CEAE /* TodoListUITests.swift */,
				7FD272A81E2E08800032CEAE /* Info.plist */,
			);
			path = TodoListUITests;
			sourceTree = "<group>";
		};
		7FD272B51E2E0ACB0032CEAE /* Frameworks */ = {
			isa = PBXGroup;
			children = (
				7FD272B81E2E0AEE0032CEAE /* MapKit.framework */,
				7FD272B61E2E0ACB0032CEAE /* HealthKit.framework */,
				D0319ECE967D5CEFEDE815BC /* Pods_TodoList.framework */,
			);
			name = Frameworks;
			sourceTree = "<group>";
		};
		7FD272BC1E2E11BD0032CEAE /* cells */ = {
			isa = PBXGroup;
			children = (
				7FD272C01E2E123A0032CEAE /* NormalTableViewCell.swift */,
				7FD272C11E2E123A0032CEAE /* NormalTableViewCell.xib */,
			);
			name = cells;
			sourceTree = "<group>";
		};
		7FD272BD1E2E11C80032CEAE /* controllor */ = {
			isa = PBXGroup;
			children = (
				7FD272BA1E2E0F810032CEAE /* MainViewController.swift */,
				7FD272C41E2E1D920032CEAE /* SecondViewController.swift */,
			);
			name = controllor;
			sourceTree = "<group>";
		};
		7FD272BE1E2E11D60032CEAE /* files */ = {
			isa = PBXGroup;
			children = (
				ADBB0135605E8BCDA237D9AB /* Pods */,
				7FD2728A1E2E087F0032CEAE /* TodoList.xcdatamodeld */,
				7FD272921E2E087F0032CEAE /* Info.plist */,
				7FD272B41E2E0ACB0032CEAE /* TodoList.entitlements */,
				7FD272831E2E087F0032CEAE /* AppDelegate.swift */,
			);
			name = files;
			sourceTree = "<group>";
		};
		7FD272BF1E2E11DC0032CEAE /* ui */ = {
			isa = PBXGroup;
			children = (
				7FD272871E2E087F0032CEAE /* Main.storyboard */,
				7FD2728F1E2E087F0032CEAE /* LaunchScreen.storyboard */,
				7FD2728D1E2E087F0032CEAE /* Assets.xcassets */,
			);
			name = ui;
			sourceTree = "<group>";
		};
		ADBB0135605E8BCDA237D9AB /* Pods */ = {
			isa = PBXGroup;
			children = (
				832F7B256DED64A9F38FCB2D /* Pods-TodoList.debug.xcconfig */,
				635B3B1078A3B9968398EC90 /* Pods-TodoList.release.xcconfig */,
			);
			name = Pods;
			path = ..;
			sourceTree = "<group>";
		};
/* End PBXGroup section */

/* Begin PBXNativeTarget section */
		7FAF47FE1E3087A30072E988 /* sticker */ = {
			isa = PBXNativeTarget;
			buildConfigurationList = 7FAF48071E3087A30072E988 /* Build configuration list for PBXNativeTarget "sticker" */;
			buildPhases = (
				7FAF47FD1E3087A30072E988 /* Resources */,
			);
			buildRules = (
			);
			dependencies = (
			);
			name = sticker;
			productName = sticker;
			productReference = 7FAF47FF1E3087A30072E988 /* sticker.appex */;
			productType = "com.apple.product-type.app-extension.messages-sticker-pack";
		};
		7FD2727F1E2E087F0032CEAE /* TodoList */ = {
			isa = PBXNativeTarget;
			buildConfigurationList = 7FD272AB1E2E08800032CEAE /* Build configuration list for PBXNativeTarget "TodoList" */;
			buildPhases = (
				24EFB5A2F233798C4A25D755 /* [CP] Check Pods Manifest.lock */,
				7FD2727C1E2E087F0032CEAE /* Sources */,
				7FD2727D1E2E087F0032CEAE /* Frameworks */,
				7FD2727E1E2E087F0032CEAE /* Resources */,
				406A0C85A1CF2A82926652EA /* [CP] Embed Pods Frameworks */,
				2DFC77A1CADF5349F42A146E /* [CP] Copy Pods Resources */,
				7FAF480A1E3087A30072E988 /* Embed App Extensions */,
			);
			buildRules = (
			);
			dependencies = (
				7FAF48051E3087A30072E988 /* PBXTargetDependency */,
			);
			name = TodoList;
			productName = TodoList;
			productReference = 7FD272801E2E087F0032CEAE /* TodoList.app */;
			productType = "com.apple.product-type.application";
		};
		7FD272961E2E08800032CEAE /* TodoListTests */ = {
			isa = PBXNativeTarget;
			buildConfigurationList = 7FD272AE1E2E08800032CEAE /* Build configuration list for PBXNativeTarget "TodoListTests" */;
			buildPhases = (
				7FD272931E2E08800032CEAE /* Sources */,
				7FD272941E2E08800032CEAE /* Frameworks */,
				7FD272951E2E08800032CEAE /* Resources */,
			);
			buildRules = (
			);
			dependencies = (
				7FD272991E2E08800032CEAE /* PBXTargetDependency */,
			);
			name = TodoListTests;
			productName = TodoListTests;
			productReference = 7FD272971E2E08800032CEAE /* TodoListTests.xctest */;
			productType = "com.apple.product-type.bundle.unit-test";
		};
		7FD272A11E2E08800032CEAE /* TodoListUITests */ = {
			isa = PBXNativeTarget;
			buildConfigurationList = 7FD272B11E2E08800032CEAE /* Build configuration list for PBXNativeTarget "TodoListUITests" */;
			buildPhases = (
				7FD2729E1E2E08800032CEAE /* Sources */,
				7FD2729F1E2E08800032CEAE /* Frameworks */,
				7FD272A01E2E08800032CEAE /* Resources */,
			);
			buildRules = (
			);
			dependencies = (
				7FD272A41E2E08800032CEAE /* PBXTargetDependency */,
			);
			name = TodoListUITests;
			productName = TodoListUITests;
			productReference = 7FD272A21E2E08800032CEAE /* TodoListUITests.xctest */;
			productType = "com.apple.product-type.bundle.ui-testing";
		};
/* End PBXNativeTarget section */

/* Begin PBXProject section */
		7FD272781E2E087F0032CEAE /* Project object */ = {
			isa = PBXProject;
			attributes = {
				LastSwiftUpdateCheck = 0820;
				LastUpgradeCheck = 0820;
				ORGANIZATIONNAME = ThomasLiu;
				TargetAttributes = {
					7FAF47FE1E3087A30072E988 = {
						CreatedOnToolsVersion = 8.2.1;
						DevelopmentTeam = 5898723MBJ;
						ProvisioningStyle = Automatic;
					};
					7FD2727F1E2E087F0032CEAE = {
						CreatedOnToolsVersion = 8.2.1;
						DevelopmentTeam = 5898723MBJ;
						ProvisioningStyle = Automatic;
						SystemCapabilities = {
							com.apple.HealthKit = {
								enabled = 1;
							};
							com.apple.Maps.iOS = {
								enabled = 1;
							};
						};
					};
					7FD272961E2E08800032CEAE = {
						CreatedOnToolsVersion = 8.2.1;
						DevelopmentTeam = 5898723MBJ;
						ProvisioningStyle = Automatic;
						TestTargetID = 7FD2727F1E2E087F0032CEAE;
					};
					7FD272A11E2E08800032CEAE = {
						CreatedOnToolsVersion = 8.2.1;
						DevelopmentTeam = 5898723MBJ;
						ProvisioningStyle = Automatic;
						TestTargetID = 7FD2727F1E2E087F0032CEAE;
					};
				};
			};
			buildConfigurationList = 7FD2727B1E2E087F0032CEAE /* Build configuration list for PBXProject "TodoList" */;
			compatibilityVersion = "Xcode 3.2";
			developmentRegion = English;
			hasScannedForEncodings = 0;
			knownRegions = (
				en,
				Base,
			);
			mainGroup = 7FD272771E2E087F0032CEAE;
			productRefGroup = 7FD272811E2E087F0032CEAE /* Products */;
			projectDirPath = "";
			projectRoot = "";
			targets = (
				7FD2727F1E2E087F0032CEAE /* TodoList */,
				7FD272961E2E08800032CEAE /* TodoListTests */,
				7FD272A11E2E08800032CEAE /* TodoListUITests */,
				7FAF47FE1E3087A30072E988 /* sticker */,
			);
		};
/* End PBXProject section */

/* Begin PBXResourcesBuildPhase section */
		7FAF47FD1E3087A30072E988 /* Resources */ = {
			isa = PBXResourcesBuildPhase;
			buildActionMask = 2147483647;
			files = (
				7FAF48021E3087A30072E988 /* Stickers.xcassets in Resources */,
			);
			runOnlyForDeploymentPostprocessing = 0;
		};
		7FD2727E1E2E087F0032CEAE /* Resources */ = {
			isa = PBXResourcesBuildPhase;
			buildActionMask = 2147483647;
			files = (
				7FD272C31E2E123A0032CEAE /* NormalTableViewCell.xib in Resources */,
				7FD272911E2E087F0032CEAE /* LaunchScreen.storyboard in Resources */,
				7FD2728E1E2E087F0032CEAE /* Assets.xcassets in Resources */,
				7FD272891E2E087F0032CEAE /* Main.storyboard in Resources */,
			);
			runOnlyForDeploymentPostprocessing = 0;
		};
		7FD272951E2E08800032CEAE /* Resources */ = {
			isa = PBXResourcesBuildPhase;
			buildActionMask = 2147483647;
			files = (
			);
			runOnlyForDeploymentPostprocessing = 0;
		};
		7FD272A01E2E08800032CEAE /* Resources */ = {
			isa = PBXResourcesBuildPhase;
			buildActionMask = 2147483647;
			files = (
			);
			runOnlyForDeploymentPostprocessing = 0;
		};
/* End PBXResourcesBuildPhase section */

/* Begin PBXShellScriptBuildPhase section */
		24EFB5A2F233798C4A25D755 /* [CP] Check Pods Manifest.lock */ = {
			isa = PBXShellScriptBuildPhase;
			buildActionMask = 2147483647;
			files = (
			);
			inputPaths = (
			);
			name = "[CP] Check Pods Manifest.lock";
			outputPaths = (
			);
			runOnlyForDeploymentPostprocessing = 0;
			shellPath = /bin/sh;
			shellScript = "diff \"${PODS_ROOT}/../Podfile.lock\" \"${PODS_ROOT}/Manifest.lock\" > /dev/null\nif [ $? != 0 ] ; then\n    # print error to STDERR\n    echo \"error: The sandbox is not in sync with the Podfile.lock. Run 'pod install' or update your CocoaPods installation.\" >&2\n    exit 1\nfi\n";
			showEnvVarsInLog = 0;
		};
		2DFC77A1CADF5349F42A146E /* [CP] Copy Pods Resources */ = {
			isa = PBXShellScriptBuildPhase;
			buildActionMask = 2147483647;
			files = (
			);
			inputPaths = (
			);
			name = "[CP] Copy Pods Resources";
			outputPaths = (
			);
			runOnlyForDeploymentPostprocessing = 0;
			shellPath = /bin/sh;
			shellScript = "\"${SRCROOT}/Pods/Target Support Files/Pods-TodoList/Pods-TodoList-resources.sh\"\n";
			showEnvVarsInLog = 0;
		};
		406A0C85A1CF2A82926652EA /* [CP] Embed Pods Frameworks */ = {
			isa = PBXShellScriptBuildPhase;
			buildActionMask = 2147483647;
			files = (
			);
			inputPaths = (
			);
			name = "[CP] Embed Pods Frameworks";
			outputPaths = (
			);
			runOnlyForDeploymentPostprocessing = 0;
			shellPath = /bin/sh;
			shellScript = "\"${SRCROOT}/Pods/Target Support Files/Pods-TodoList/Pods-TodoList-frameworks.sh\"\n";
			showEnvVarsInLog = 0;
		};
/* End PBXShellScriptBuildPhase section */

/* Begin PBXSourcesBuildPhase section */
		7FD2727C1E2E087F0032CEAE /* Sources */ = {
			isa = PBXSourcesBuildPhase;
			buildActionMask = 2147483647;
			files = (
				7FD272C21E2E123A0032CEAE /* NormalTableViewCell.swift in Sources */,
				7FD272BB1E2E0F810032CEAE /* MainViewController.swift in Sources */,
				7FD272841E2E087F0032CEAE /* AppDelegate.swift in Sources */,
				7FD272C51E2E1D920032CEAE /* SecondViewController.swift in Sources */,
				7FD2728C1E2E087F0032CEAE /* TodoList.xcdatamodeld in Sources */,
			);
			runOnlyForDeploymentPostprocessing = 0;
		};
		7FD272931E2E08800032CEAE /* Sources */ = {
			isa = PBXSourcesBuildPhase;
			buildActionMask = 2147483647;
			files = (
				7FD2729C1E2E08800032CEAE /* TodoListTests.swift in Sources */,
			);
			runOnlyForDeploymentPostprocessing = 0;
		};
		7FD2729E1E2E08800032CEAE /* Sources */ = {
			isa = PBXSourcesBuildPhase;
			buildActionMask = 2147483647;
			files = (
				7FD272A71E2E08800032CEAE /* TodoListUITests.swift in Sources */,
			);
			runOnlyForDeploymentPostprocessing = 0;
		};
/* End PBXSourcesBuildPhase section */

/* Begin PBXTargetDependency section */
		7FAF48051E3087A30072E988 /* PBXTargetDependency */ = {
			isa = PBXTargetDependency;
			target = 7FAF47FE1E3087A30072E988 /* sticker */;
			targetProxy = 7FAF48041E3087A30072E988 /* PBXContainerItemProxy */;
		};
		7FD272991E2E08800032CEAE /* PBXTargetDependency */ = {
			isa = PBXTargetDependency;
			target = 7FD2727F1E2E087F0032CEAE /* TodoList */;
			targetProxy = 7FD272981E2E08800032CEAE /* PBXContainerItemProxy */;
		};
		7FD272A41E2E08800032CEAE /* PBXTargetDependency */ = {
			isa = PBXTargetDependency;
			target = 7FD2727F1E2E087F0032CEAE /* TodoList */;
			targetProxy = 7FD272A31E2E08800032CEAE /* PBXContainerItemProxy */;
		};
/* End PBXTargetDependency section */

/* Begin PBXVariantGroup section */
		7FD272871E2E087F0032CEAE /* Main.storyboard */ = {
			isa = PBXVariantGroup;
			children = (
				7FD272881E2E087F0032CEAE /* Base */,
			);
			name = Main.storyboard;
			sourceTree = "<group>";
		};
		7FD2728F1E2E087F0032CEAE /* LaunchScreen.storyboard */ = {
			isa = PBXVariantGroup;
			children = (
				7FD272901E2E087F0032CEAE /* Base */,
			);
			name = LaunchScreen.storyboard;
			sourceTree = "<group>";
		};
/* End PBXVariantGroup section */

/* Begin XCBuildConfiguration section */
		7FAF48081E3087A30072E988 /* Debug */ = {
			isa = XCBuildConfiguration;
			buildSettings = {
				ASSETCATALOG_COMPILER_APPICON_NAME = "iMessage App Icon";
				DEVELOPMENT_TEAM = 5898723MBJ;
				INFOPLIST_FILE = sticker/Info.plist;
				PRODUCT_BUNDLE_IDENTIFIER = com.ThomasLiu.jiacheng.TodoList.sticker;
				PRODUCT_NAME = "$(TARGET_NAME)";
				SKIP_INSTALL = YES;
			};
			name = Debug;
		};
		7FAF48091E3087A30072E988 /* Release */ = {
			isa = XCBuildConfiguration;
			buildSettings = {
				ASSETCATALOG_COMPILER_APPICON_NAME = "iMessage App Icon";
				DEVELOPMENT_TEAM = 5898723MBJ;
				INFOPLIST_FILE = sticker/Info.plist;
				PRODUCT_BUNDLE_IDENTIFIER = com.ThomasLiu.jiacheng.TodoList.sticker;
				PRODUCT_NAME = "$(TARGET_NAME)";
				SKIP_INSTALL = YES;
			};
			name = Release;
		};
		7FD272A91E2E08800032CEAE /* Debug */ = {
			isa = XCBuildConfiguration;
			buildSettings = {
				ALWAYS_SEARCH_USER_PATHS = NO;
				CLANG_ANALYZER_NONNULL = YES;
				CLANG_CXX_LANGUAGE_STANDARD = "gnu++0x";
				CLANG_CXX_LIBRARY = "libc++";
				CLANG_ENABLE_MODULES = YES;
				CLANG_ENABLE_OBJC_ARC = YES;
				CLANG_WARN_BOOL_CONVERSION = YES;
				CLANG_WARN_CONSTANT_CONVERSION = YES;
				CLANG_WARN_DIRECT_OBJC_ISA_USAGE = YES_ERROR;
				CLANG_WARN_DOCUMENTATION_COMMENTS = YES;
				CLANG_WARN_EMPTY_BODY = YES;
				CLANG_WARN_ENUM_CONVERSION = YES;
				CLANG_WARN_INFINITE_RECURSION = YES;
				CLANG_WARN_INT_CONVERSION = YES;
				CLANG_WARN_OBJC_ROOT_CLASS = YES_ERROR;
				CLANG_WARN_SUSPICIOUS_MOVE = YES;
				CLANG_WARN_UNREACHABLE_CODE = YES;
				CLANG_WARN__DUPLICATE_METHOD_MATCH = YES;
				"CODE_SIGN_IDENTITY[sdk=iphoneos*]" = "iPhone Developer";
				COPY_PHASE_STRIP = NO;
				DEBUG_INFORMATION_FORMAT = dwarf;
				ENABLE_STRICT_OBJC_MSGSEND = YES;
				ENABLE_TESTABILITY = YES;
				GCC_C_LANGUAGE_STANDARD = gnu99;
				GCC_DYNAMIC_NO_PIC = NO;
				GCC_NO_COMMON_BLOCKS = YES;
				GCC_OPTIMIZATION_LEVEL = 0;
				GCC_PREPROCESSOR_DEFINITIONS = (
					"DEBUG=1",
					"$(inherited)",
				);
				GCC_WARN_64_TO_32_BIT_CONVERSION = YES;
				GCC_WARN_ABOUT_RETURN_TYPE = YES_ERROR;
				GCC_WARN_UNDECLARED_SELECTOR = YES;
				GCC_WARN_UNINITIALIZED_AUTOS = YES_AGGRESSIVE;
				GCC_WARN_UNUSED_FUNCTION = YES;
				GCC_WARN_UNUSED_VARIABLE = YES;
				IPHONEOS_DEPLOYMENT_TARGET = 10.2;
				MTL_ENABLE_DEBUG_INFO = YES;
				ONLY_ACTIVE_ARCH = YES;
				SDKROOT = iphoneos;
				SWIFT_ACTIVE_COMPILATION_CONDITIONS = DEBUG;
				SWIFT_OPTIMIZATION_LEVEL = "-Onone";
			};
			name = Debug;
		};
		7FD272AA1E2E08800032CEAE /* Release */ = {
			isa = XCBuildConfiguration;
			buildSettings = {
				ALWAYS_SEARCH_USER_PATHS = NO;
				CLANG_ANALYZER_NONNULL = YES;
				CLANG_CXX_LANGUAGE_STANDARD = "gnu++0x";
				CLANG_CXX_LIBRARY = "libc++";
				CLANG_ENABLE_MODULES = YES;
				CLANG_ENABLE_OBJC_ARC = YES;
				CLANG_WARN_BOOL_CONVERSION = YES;
				CLANG_WARN_CONSTANT_CONVERSION = YES;
				CLANG_WARN_DIRECT_OBJC_ISA_USAGE = YES_ERROR;
				CLANG_WARN_DOCUMENTATION_COMMENTS = YES;
				CLANG_WARN_EMPTY_BODY = YES;
				CLANG_WARN_ENUM_CONVERSION = YES;
				CLANG_WARN_INFINITE_RECURSION = YES;
				CLANG_WARN_INT_CONVERSION = YES;
				CLANG_WARN_OBJC_ROOT_CLASS = YES_ERROR;
				CLANG_WARN_SUSPICIOUS_MOVE = YES;
				CLANG_WARN_UNREACHABLE_CODE = YES;
				CLANG_WARN__DUPLICATE_METHOD_MATCH = YES;
				"CODE_SIGN_IDENTITY[sdk=iphoneos*]" = "iPhone Developer";
				COPY_PHASE_STRIP = NO;
				DEBUG_INFORMATION_FORMAT = "dwarf-with-dsym";
				ENABLE_NS_ASSERTIONS = NO;
				ENABLE_STRICT_OBJC_MSGSEND = YES;
				GCC_C_LANGUAGE_STANDARD = gnu99;
				GCC_NO_COMMON_BLOCKS = YES;
				GCC_WARN_64_TO_32_BIT_CONVERSION = YES;
				GCC_WARN_ABOUT_RETURN_TYPE = YES_ERROR;
				GCC_WARN_UNDECLARED_SELECTOR = YES;
				GCC_WARN_UNINITIALIZED_AUTOS = YES_AGGRESSIVE;
				GCC_WARN_UNUSED_FUNCTION = YES;
				GCC_WARN_UNUSED_VARIABLE = YES;
				IPHONEOS_DEPLOYMENT_TARGET = 10.2;
				MTL_ENABLE_DEBUG_INFO = NO;
				SDKROOT = iphoneos;
				SWIFT_OPTIMIZATION_LEVEL = "-Owholemodule";
				VALIDATE_PRODUCT = YES;
			};
			name = Release;
		};
		7FD272AC1E2E08800032CEAE /* Debug */ = {
			isa = XCBuildConfiguration;
			baseConfigurationReference = 832F7B256DED64A9F38FCB2D /* Pods-TodoList.debug.xcconfig */;
			buildSettings = {
				ASSETCATALOG_COMPILER_APPICON_NAME = AppIcon;
				CODE_SIGN_ENTITLEMENTS = TodoList/TodoList.entitlements;
				"CODE_SIGN_IDENTITY[sdk=iphoneos*]" = "iPhone Developer";
				DEVELOPMENT_TEAM = 5898723MBJ;
				INFOPLIST_FILE = TodoList/Info.plist;
				IPHONEOS_DEPLOYMENT_TARGET = 10.2;
				LD_RUNPATH_SEARCH_PATHS = "$(inherited) @executable_path/Frameworks";
				PRODUCT_BUNDLE_IDENTIFIER = com.ThomasLiu.jiacheng.TodoList;
				PRODUCT_NAME = "$(TARGET_NAME)";
				SWIFT_VERSION = 3.0;
			};
			name = Debug;
		};
		7FD272AD1E2E08800032CEAE /* Release */ = {
			isa = XCBuildConfiguration;
			baseConfigurationReference = 635B3B1078A3B9968398EC90 /* Pods-TodoList.release.xcconfig */;
			buildSettings = {
				ASSETCATALOG_COMPILER_APPICON_NAME = AppIcon;
				CODE_SIGN_ENTITLEMENTS = TodoList/TodoList.entitlements;
				"CODE_SIGN_IDENTITY[sdk=iphoneos*]" = "iPhone Developer";
				DEVELOPMENT_TEAM = 5898723MBJ;
				INFOPLIST_FILE = TodoList/Info.plist;
				IPHONEOS_DEPLOYMENT_TARGET = 10.2;
				LD_RUNPATH_SEARCH_PATHS = "$(inherited) @executable_path/Frameworks";
				PRODUCT_BUNDLE_IDENTIFIER = com.ThomasLiu.jiacheng.TodoList;
				PRODUCT_NAME = "$(TARGET_NAME)";
				SWIFT_VERSION = 3.0;
			};
			name = Release;
		};
		7FD272AF1E2E08800032CEAE /* Debug */ = {
			isa = XCBuildConfiguration;
			buildSettings = {
				ALWAYS_EMBED_SWIFT_STANDARD_LIBRARIES = YES;
				BUNDLE_LOADER = "$(TEST_HOST)";
				DEVELOPMENT_TEAM = 5898723MBJ;
				INFOPLIST_FILE = TodoListTests/Info.plist;
				LD_RUNPATH_SEARCH_PATHS = "$(inherited) @executable_path/Frameworks @loader_path/Frameworks";
				PRODUCT_BUNDLE_IDENTIFIER = com.ThomasLiu.jiacheng.TodoListTests;
				PRODUCT_NAME = "$(TARGET_NAME)";
				SWIFT_VERSION = 3.0;
				TEST_HOST = "$(BUILT_PRODUCTS_DIR)/TodoList.app/TodoList";
			};
			name = Debug;
		};
		7FD272B01E2E08800032CEAE /* Release */ = {
			isa = XCBuildConfiguration;
			buildSettings = {
				ALWAYS_EMBED_SWIFT_STANDARD_LIBRARIES = YES;
				BUNDLE_LOADER = "$(TEST_HOST)";
				DEVELOPMENT_TEAM = 5898723MBJ;
				INFOPLIST_FILE = TodoListTests/Info.plist;
				LD_RUNPATH_SEARCH_PATHS = "$(inherited) @executable_path/Frameworks @loader_path/Frameworks";
				PRODUCT_BUNDLE_IDENTIFIER = com.ThomasLiu.jiacheng.TodoListTests;
				PRODUCT_NAME = "$(TARGET_NAME)";
				SWIFT_VERSION = 3.0;
				TEST_HOST = "$(BUILT_PRODUCTS_DIR)/TodoList.app/TodoList";
			};
			name = Release;
		};
		7FD272B21E2E08800032CEAE /* Debug */ = {
			isa = XCBuildConfiguration;
			buildSettings = {
				ALWAYS_EMBED_SWIFT_STANDARD_LIBRARIES = YES;
				DEVELOPMENT_TEAM = 5898723MBJ;
				INFOPLIST_FILE = TodoListUITests/Info.plist;
				LD_RUNPATH_SEARCH_PATHS = "$(inherited) @executable_path/Frameworks @loader_path/Frameworks";
				PRODUCT_BUNDLE_IDENTIFIER = com.ThomasLiu.jiacheng.TodoListUITests;
				PRODUCT_NAME = "$(TARGET_NAME)";
				SWIFT_VERSION = 3.0;
				TEST_TARGET_NAME = TodoList;
			};
			name = Debug;
		};
		7FD272B31E2E08800032CEAE /* Release */ = {
			isa = XCBuildConfiguration;
			buildSettings = {
				ALWAYS_EMBED_SWIFT_STANDARD_LIBRARIES = YES;
				DEVELOPMENT_TEAM = 5898723MBJ;
				INFOPLIST_FILE = TodoListUITests/Info.plist;
				LD_RUNPATH_SEARCH_PATHS = "$(inherited) @executable_path/Frameworks @loader_path/Frameworks";
				PRODUCT_BUNDLE_IDENTIFIER = com.ThomasLiu.jiacheng.TodoListUITests;
				PRODUCT_NAME = "$(TARGET_NAME)";
				SWIFT_VERSION = 3.0;
				TEST_TARGET_NAME = TodoList;
			};
			name = Release;
		};
/* End XCBuildConfiguration section */

/* Begin XCConfigurationList section */
		7FAF48071E3087A30072E988 /* Build configuration list for PBXNativeTarget "sticker" */ = {
			isa = XCConfigurationList;
			buildConfigurations = (
				7FAF48081E3087A30072E988 /* Debug */,
				7FAF48091E3087A30072E988 /* Release */,
			);
			defaultConfigurationIsVisible = 0;
		};
		7FD2727B1E2E087F0032CEAE /* Build configuration list for PBXProject "TodoList" */ = {
			isa = XCConfigurationList;
			buildConfigurations = (
				7FD272A91E2E08800032CEAE /* Debug */,
				7FD272AA1E2E08800032CEAE /* Release */,
			);
			defaultConfigurationIsVisible = 0;
			defaultConfigurationName = Release;
		};
		7FD272AB1E2E08800032CEAE /* Build configuration list for PBXNativeTarget "TodoList" */ = {
			isa = XCConfigurationList;
			buildConfigurations = (
				7FD272AC1E2E08800032CEAE /* Debug */,
				7FD272AD1E2E08800032CEAE /* Release */,
			);
			defaultConfigurationIsVisible = 0;
			defaultConfigurationName = Release;
		};
		7FD272AE1E2E08800032CEAE /* Build configuration list for PBXNativeTarget "TodoListTests" */ = {
			isa = XCConfigurationList;
			buildConfigurations = (
				7FD272AF1E2E08800032CEAE /* Debug */,
				7FD272B01E2E08800032CEAE /* Release */,
			);
			defaultConfigurationIsVisible = 0;
			defaultConfigurationName = Release;
		};
		7FD272B11E2E08800032CEAE /* Build configuration list for PBXNativeTarget "TodoListUITests" */ = {
			isa = XCConfigurationList;
			buildConfigurations = (
				7FD272B21E2E08800032CEAE /* Debug */,
				7FD272B31E2E08800032CEAE /* Release */,
			);
			defaultConfigurationIsVisible = 0;
			defaultConfigurationName = Release;
		};
/* End XCConfigurationList section */

/* Begin XCVersionGroup section */
		7FD2728A1E2E087F0032CEAE /* TodoList.xcdatamodeld */ = {
			isa = XCVersionGroup;
			children = (
				7FD2728B1E2E087F0032CEAE /* TodoList.xcdatamodel */,
			);
			currentVersion = 7FD2728B1E2E087F0032CEAE /* TodoList.xcdatamodel */;
			path = TodoList.xcdatamodeld;
			sourceTree = "<group>";
			versionGroupType = wrapper.xcdatamodel;
		};
/* End XCVersionGroup section */
	};
	rootObject = 7FD272781E2E087F0032CEAE /* Project object */;
}
